
Microsoft Visual Studio Solution File, Format Version 12.00
# Visual Studio Version 16
VisualStudioVersion = 16.0.29519.181
MinimumVisualStudioVersion = 10.0.40219.1
Project("{2150E333-8FDC-42A3-9474-1A3956D46DE8}") = "01. Shared", "01. Shared", "{F9478666-4FDE-4BBC-9D04-F10804F65473}"
EndProject
Project("{9A19103F-16F7-4668-BE54-9A1E7A4F7556}") = "Rbt.Core", "Rbt.Domain\Rbt.Core.csproj", "{6A63DC2D-DA49-4238-B2E2-64DF4177DE47}"
EndProject
Project("{9A19103F-16F7-4668-BE54-9A1E7A4F7556}") = "Rbt.Toolkits", "Rbt.Toolkits\Rbt.Toolkits.csproj", "{E09D3895-553C-4E7F-9B4B-27C74AF16CF9}"
EndProject
Project("{2150E333-8FDC-42A3-9474-1A3956D46DE8}") = "02. Worker", "02. Worker", "{1D2EC0A4-07A6-4C7F-AD25-806D51ECC8AB}"
EndProject
Project("{9A19103F-16F7-4668-BE54-9A1E7A4F7556}") = "Publisher", "Publisher\Publisher.csproj", "{0BBBBC3C-4A37-4F0E-8531-5A81AA63F8CF}"
EndProject
Project("{9A19103F-16F7-4668-BE54-9A1E7A4F7556}") = "Comsumer", "Comsumer\Comsumer.csproj", "{72689F8B-59BE-455E-B336-6E0B632EA10E}"
EndProject
Project("{2150E333-8FDC-42A3-9474-1A3956D46DE8}") = "03.PubSub", "03.PubSub", "{249DC74D-3ACD-40C5-A2FC-56F85226EE09}"
EndProject
Project("{2150E333-8FDC-42A3-9474-1A3956D46DE8}") = "04. RPC", "04. RPC", "{668EBDE2-C009-41B3-A843-5D3BEA7D7616}"
EndProject
Project("{9A19103F-16F7-4668-BE54-9A1E7A4F7556}") = "PubSub.Pub", "PubSub.Pub\PubSub.Pub.csproj", "{70FA6921-7352-45EC-8590-1DBD35ED52A6}"
EndProject
Project("{9A19103F-16F7-4668-BE54-9A1E7A4F7556}") = "PubSub.Sub", "PubSub.Sub\PubSub.Sub.csproj", "{6A2C375D-1AE0-41CE-9C12-46A93F5915DD}"
EndProject
Project("{FAE04EC0-301F-11D3-BF4B-00C04F79EFBC}") = "RpcCaller", "RpcCaller\RpcCaller.csproj", "{65B0403E-4A33-453E-87A2-696EDBA03F4F}"
EndProject
Project("{FAE04EC0-301F-11D3-BF4B-00C04F79EFBC}") = "RpcCalled", "RpcCalled\RpcCalled.csproj", "{C88D7013-351F-4381-92DB-AB4F86E2DAD4}"
EndProject
Global
	GlobalSection(SolutionConfigurationPlatforms) = preSolution
		Debug|Any CPU = Debug|Any CPU
		Release|Any CPU = Release|Any CPU
	EndGlobalSection
	GlobalSection(ProjectConfigurationPlatforms) = postSolution
		{6A63DC2D-DA49-4238-B2E2-64DF4177DE47}.Debug|Any CPU.ActiveCfg = Debug|Any CPU
		{6A63DC2D-DA49-4238-B2E2-64DF4177DE47}.Debug|Any CPU.Build.0 = Debug|Any CPU
		{6A63DC2D-DA49-4238-B2E2-64DF4177DE47}.Release|Any CPU.ActiveCfg = Release|Any CPU
		{6A63DC2D-DA49-4238-B2E2-64DF4177DE47}.Release|Any CPU.Build.0 = Release|Any CPU
		{E09D3895-553C-4E7F-9B4B-27C74AF16CF9}.Debug|Any CPU.ActiveCfg = Debug|Any CPU
		{E09D3895-553C-4E7F-9B4B-27C74AF16CF9}.Debug|Any CPU.Build.0 = Debug|Any CPU
		{E09D3895-553C-4E7F-9B4B-27C74AF16CF9}.Release|Any CPU.ActiveCfg = Release|Any CPU
		{E09D3895-553C-4E7F-9B4B-27C74AF16CF9}.Release|Any CPU.Build.0 = Release|Any CPU
		{0BBBBC3C-4A37-4F0E-8531-5A81AA63F8CF}.Debug|Any CPU.ActiveCfg = Debug|Any CPU
		{0BBBBC3C-4A37-4F0E-8531-5A81AA63F8CF}.Debug|Any CPU.Build.0 = Debug|Any CPU
		{0BBBBC3C-4A37-4F0E-8531-5A81AA63F8CF}.Release|Any CPU.ActiveCfg = Release|Any CPU
		{0BBBBC3C-4A37-4F0E-8531-5A81AA63F8CF}.Release|Any CPU.Build.0 = Release|Any CPU
		{72689F8B-59BE-455E-B336-6E0B632EA10E}.Debug|Any CPU.ActiveCfg = Debug|Any CPU
		{72689F8B-59BE-455E-B336-6E0B632EA10E}.Debug|Any CPU.Build.0 = Debug|Any CPU
		{72689F8B-59BE-455E-B336-6E0B632EA10E}.Release|Any CPU.ActiveCfg = Release|Any CPU
		{72689F8B-59BE-455E-B336-6E0B632EA10E}.Release|Any CPU.Build.0 = Release|Any CPU
		{70FA6921-7352-45EC-8590-1DBD35ED52A6}.Debug|Any CPU.ActiveCfg = Debug|Any CPU
		{70FA6921-7352-45EC-8590-1DBD35ED52A6}.Debug|Any CPU.Build.0 = Debug|Any CPU
		{70FA6921-7352-45EC-8590-1DBD35ED52A6}.Release|Any CPU.ActiveCfg = Release|Any CPU
		{70FA6921-7352-45EC-8590-1DBD35ED52A6}.Release|Any CPU.Build.0 = Release|Any CPU
		{6A2C375D-1AE0-41CE-9C12-46A93F5915DD}.Debug|Any CPU.ActiveCfg = Debug|Any CPU
		{6A2C375D-1AE0-41CE-9C12-46A93F5915DD}.Debug|Any CPU.Build.0 = Debug|Any CPU
		{6A2C375D-1AE0-41CE-9C12-46A93F5915DD}.Release|Any CPU.ActiveCfg = Release|Any CPU
		{6A2C375D-1AE0-41CE-9C12-46A93F5915DD}.Release|Any CPU.Build.0 = Release|Any CPU
		{65B0403E-4A33-453E-87A2-696EDBA03F4F}.Debug|Any CPU.ActiveCfg = Debug|Any CPU
		{65B0403E-4A33-453E-87A2-696EDBA03F4F}.Debug|Any CPU.Build.0 = Debug|Any CPU
		{65B0403E-4A33-453E-87A2-696EDBA03F4F}.Release|Any CPU.ActiveCfg = Release|Any CPU
		{65B0403E-4A33-453E-87A2-696EDBA03F4F}.Release|Any CPU.Build.0 = Release|Any CPU
		{C88D7013-351F-4381-92DB-AB4F86E2DAD4}.Debug|Any CPU.ActiveCfg = Debug|Any CPU
		{C88D7013-351F-4381-92DB-AB4F86E2DAD4}.Debug|Any CPU.Build.0 = Debug|Any CPU
		{C88D7013-351F-4381-92DB-AB4F86E2DAD4}.Release|Any CPU.ActiveCfg = Release|Any CPU
		{C88D7013-351F-4381-92DB-AB4F86E2DAD4}.Release|Any CPU.Build.0 = Release|Any CPU
	EndGlobalSection
	GlobalSection(SolutionProperties) = preSolution
		HideSolutionNode = FALSE
	EndGlobalSection
	GlobalSection(NestedProjects) = preSolution
		{6A63DC2D-DA49-4238-B2E2-64DF4177DE47} = {F9478666-4FDE-4BBC-9D04-F10804F65473}
		{E09D3895-553C-4E7F-9B4B-27C74AF16CF9} = {F9478666-4FDE-4BBC-9D04-F10804F65473}
		{0BBBBC3C-4A37-4F0E-8531-5A81AA63F8CF} = {1D2EC0A4-07A6-4C7F-AD25-806D51ECC8AB}
		{72689F8B-59BE-455E-B336-6E0B632EA10E} = {1D2EC0A4-07A6-4C7F-AD25-806D51ECC8AB}
		{70FA6921-7352-45EC-8590-1DBD35ED52A6} = {249DC74D-3ACD-40C5-A2FC-56F85226EE09}
		{6A2C375D-1AE0-41CE-9C12-46A93F5915DD} = {249DC74D-3ACD-40C5-A2FC-56F85226EE09}
		{65B0403E-4A33-453E-87A2-696EDBA03F4F} = {668EBDE2-C009-41B3-A843-5D3BEA7D7616}
		{C88D7013-351F-4381-92DB-AB4F86E2DAD4} = {668EBDE2-C009-41B3-A843-5D3BEA7D7616}
	EndGlobalSection
	GlobalSection(ExtensibilityGlobals) = postSolution
		SolutionGuid = {E8D771D2-47B0-417B-8C68-3BFFE5946D56}
	EndGlobalSection
EndGlobal
