
Microsoft Visual Studio Solution File, Format Version 12.00
# Visual Studio Version 16
VisualStudioVersion = 16.0.29519.181
MinimumVisualStudioVersion = 10.0.40219.1
Project("{FAE04EC0-301F-11D3-BF4B-00C04F79EFBC}") = "TestReceive", "TestReceive\TestReceive.csproj", "{AB882B54-ABEF-47CF-9A12-04DDBE4D342E}"
EndProject
Global
	GlobalSection(SolutionConfigurationPlatforms) = preSolution
		Debug|Any CPU = Debug|Any CPU
		Release|Any CPU = Release|Any CPU
	EndGlobalSection
	GlobalSection(ProjectConfigurationPlatforms) = postSolution
		{AB882B54-ABEF-47CF-9A12-04DDBE4D342E}.Debug|Any CPU.ActiveCfg = Debug|Any CPU
		{AB882B54-ABEF-47CF-9A12-04DDBE4D342E}.Debug|Any CPU.Build.0 = Debug|Any CPU
		{AB882B54-ABEF-47CF-9A12-04DDBE4D342E}.Release|Any CPU.ActiveCfg = Release|Any CPU
		{AB882B54-ABEF-47CF-9A12-04DDBE4D342E}.Release|Any CPU.Build.0 = Release|Any CPU
	EndGlobalSection
	GlobalSection(SolutionProperties) = preSolution
		HideSolutionNode = FALSE
	EndGlobalSection
	GlobalSection(ExtensibilityGlobals) = postSolution
		SolutionGuid = {2C189625-0082-4B16-A81D-218BF8B203E6}
	EndGlobalSection
EndGlobal
