
Microsoft Visual Studio Solution File, Format Version 12.00
# Visual Studio Version 16
VisualStudioVersion = 16.0.30320.27
MinimumVisualStudioVersion = 10.0.40219.1
Project("{FAE04EC0-301F-11D3-BF4B-00C04F79EFBC}") = "Dm.Domain", "Dm.Domain\Dm.Domain.csproj", "{CC9B274B-9113-4791-A000-6197A9FAAEA7}"
EndProject
Global
	GlobalSection(SolutionConfigurationPlatforms) = preSolution
		Debug|Any CPU = Debug|Any CPU
		Release|Any CPU = Release|Any CPU
	EndGlobalSection
	GlobalSection(ProjectConfigurationPlatforms) = postSolution
		{CC9B274B-9113-4791-A000-6197A9FAAEA7}.Debug|Any CPU.ActiveCfg = Debug|Any CPU
		{CC9B274B-9113-4791-A000-6197A9FAAEA7}.Debug|Any CPU.Build.0 = Debug|Any CPU
		{CC9B274B-9113-4791-A000-6197A9FAAEA7}.Release|Any CPU.ActiveCfg = Release|Any CPU
		{CC9B274B-9113-4791-A000-6197A9FAAEA7}.Release|Any CPU.Build.0 = Release|Any CPU
	EndGlobalSection
	GlobalSection(SolutionProperties) = preSolution
		HideSolutionNode = FALSE
	EndGlobalSection
	GlobalSection(ExtensibilityGlobals) = postSolution
		SolutionGuid = {1324C71E-B590-438E-BB56-685AF8BCE55B}
	EndGlobalSection
EndGlobal
