
Microsoft Visual Studio Solution File, Format Version 12.00
# Visual Studio Version 16
VisualStudioVersion = 16.0.30204.135
MinimumVisualStudioVersion = 10.0.40219.1
Project("{FAE04EC0-301F-11D3-BF4B-00C04F79EFBC}") = "Session04.TransactionalEvent.Common", "Session04.TransactionalEvent.Common\Session04.TransactionalEvent.Common.csproj", "{EFBBE6C4-7A0B-4D74-9F3E-CA5F49CB9424}"
EndProject
Project("{FAE04EC0-301F-11D3-BF4B-00C04F79EFBC}") = "Session04.TransactionalEvent.Domain", "Session04.TransactionalEvent.Domain\Session04.TransactionalEvent.Domain.csproj", "{6AE071A9-4772-49C5-8382-2DCC5ED726E0}"
EndProject
Project("{FAE04EC0-301F-11D3-BF4B-00C04F79EFBC}") = "Session04.TransactionalEvent.Dal", "Session04.TransactionalEvent.Dal\Session04.TransactionalEvent.Dal.csproj", "{319F9B5B-7CB1-44F3-A669-FA739E676986}"
EndProject
Project("{FAE04EC0-301F-11D3-BF4B-00C04F79EFBC}") = "Session04.TransactionalEvent.API", "Session04.TransactionalEvent.API\Session04.TransactionalEvent.API.csproj", "{554C73EC-2705-4905-A249-0C6F52CBE6AA}"
EndProject
Project("{FAE04EC0-301F-11D3-BF4B-00C04F79EFBC}") = "Session04.TransactionalEvent.EventPublisher", "Session04.TransactionalEvent.EventPublisher\Session04.TransactionalEvent.EventPublisher.csproj", "{E02A09FC-989A-4218-8E50-6EBC404D9231}"
EndProject
Global
	GlobalSection(SolutionConfigurationPlatforms) = preSolution
		Debug|Any CPU = Debug|Any CPU
		Release|Any CPU = Release|Any CPU
	EndGlobalSection
	GlobalSection(ProjectConfigurationPlatforms) = postSolution
		{EFBBE6C4-7A0B-4D74-9F3E-CA5F49CB9424}.Debug|Any CPU.ActiveCfg = Debug|Any CPU
		{EFBBE6C4-7A0B-4D74-9F3E-CA5F49CB9424}.Debug|Any CPU.Build.0 = Debug|Any CPU
		{EFBBE6C4-7A0B-4D74-9F3E-CA5F49CB9424}.Release|Any CPU.ActiveCfg = Release|Any CPU
		{EFBBE6C4-7A0B-4D74-9F3E-CA5F49CB9424}.Release|Any CPU.Build.0 = Release|Any CPU
		{6AE071A9-4772-49C5-8382-2DCC5ED726E0}.Debug|Any CPU.ActiveCfg = Debug|Any CPU
		{6AE071A9-4772-49C5-8382-2DCC5ED726E0}.Debug|Any CPU.Build.0 = Debug|Any CPU
		{6AE071A9-4772-49C5-8382-2DCC5ED726E0}.Release|Any CPU.ActiveCfg = Release|Any CPU
		{6AE071A9-4772-49C5-8382-2DCC5ED726E0}.Release|Any CPU.Build.0 = Release|Any CPU
		{319F9B5B-7CB1-44F3-A669-FA739E676986}.Debug|Any CPU.ActiveCfg = Debug|Any CPU
		{319F9B5B-7CB1-44F3-A669-FA739E676986}.Debug|Any CPU.Build.0 = Debug|Any CPU
		{319F9B5B-7CB1-44F3-A669-FA739E676986}.Release|Any CPU.ActiveCfg = Release|Any CPU
		{319F9B5B-7CB1-44F3-A669-FA739E676986}.Release|Any CPU.Build.0 = Release|Any CPU
		{554C73EC-2705-4905-A249-0C6F52CBE6AA}.Debug|Any CPU.ActiveCfg = Debug|Any CPU
		{554C73EC-2705-4905-A249-0C6F52CBE6AA}.Debug|Any CPU.Build.0 = Debug|Any CPU
		{554C73EC-2705-4905-A249-0C6F52CBE6AA}.Release|Any CPU.ActiveCfg = Release|Any CPU
		{554C73EC-2705-4905-A249-0C6F52CBE6AA}.Release|Any CPU.Build.0 = Release|Any CPU
		{E02A09FC-989A-4218-8E50-6EBC404D9231}.Debug|Any CPU.ActiveCfg = Debug|Any CPU
		{E02A09FC-989A-4218-8E50-6EBC404D9231}.Debug|Any CPU.Build.0 = Debug|Any CPU
		{E02A09FC-989A-4218-8E50-6EBC404D9231}.Release|Any CPU.ActiveCfg = Release|Any CPU
		{E02A09FC-989A-4218-8E50-6EBC404D9231}.Release|Any CPU.Build.0 = Release|Any CPU
	EndGlobalSection
	GlobalSection(SolutionProperties) = preSolution
		HideSolutionNode = FALSE
	EndGlobalSection
	GlobalSection(ExtensibilityGlobals) = postSolution
		SolutionGuid = {4D7754BD-CA31-421A-914E-5A7631B43274}
	EndGlobalSection
EndGlobal
