
Microsoft Visual Studio Solution File, Format Version 12.00
# Visual Studio Version 16
VisualStudioVersion = 16.0.30320.27
MinimumVisualStudioVersion = 10.0.40219.1
Project("{FAE04EC0-301F-11D3-BF4B-00C04F79EFBC}") = "EsSample.Framework", "EsSample.Framework\EsSample.Framework.csproj", "{A74D26A9-1A9E-44F5-A576-940DDC24A3FD}"
EndProject
Project("{FAE04EC0-301F-11D3-BF4B-00C04F79EFBC}") = "EsSample.Domain", "EsSample.Domain\EsSample.Domain.csproj", "{FC7C1BB9-A489-4A52-80FE-895D1B7E8026}"
EndProject
Project("{FAE04EC0-301F-11D3-BF4B-00C04F79EFBC}") = "EsSample.EfStore", "EsSample.EfStore\EsSample.EfStore.csproj", "{B4A9CF42-79D3-421A-A00B-034A601D4C3A}"
EndProject
Project("{FAE04EC0-301F-11D3-BF4B-00C04F79EFBC}") = "EsSample.Endpoint", "EsSample.Endpoint\EsSample.Endpoint.csproj", "{9388A7FB-514C-4F1B-982A-59977432C073}"
EndProject
Project("{FAE04EC0-301F-11D3-BF4B-00C04F79EFBC}") = "EsSample.Dal", "EsSample.Dal\EsSample.Dal.csproj", "{9FABCCDA-4EA5-403C-905A-A5B4327A6BAC}"
EndProject
Global
	GlobalSection(SolutionConfigurationPlatforms) = preSolution
		Debug|Any CPU = Debug|Any CPU
		Release|Any CPU = Release|Any CPU
	EndGlobalSection
	GlobalSection(ProjectConfigurationPlatforms) = postSolution
		{A74D26A9-1A9E-44F5-A576-940DDC24A3FD}.Debug|Any CPU.ActiveCfg = Debug|Any CPU
		{A74D26A9-1A9E-44F5-A576-940DDC24A3FD}.Debug|Any CPU.Build.0 = Debug|Any CPU
		{A74D26A9-1A9E-44F5-A576-940DDC24A3FD}.Release|Any CPU.ActiveCfg = Release|Any CPU
		{A74D26A9-1A9E-44F5-A576-940DDC24A3FD}.Release|Any CPU.Build.0 = Release|Any CPU
		{FC7C1BB9-A489-4A52-80FE-895D1B7E8026}.Debug|Any CPU.ActiveCfg = Debug|Any CPU
		{FC7C1BB9-A489-4A52-80FE-895D1B7E8026}.Debug|Any CPU.Build.0 = Debug|Any CPU
		{FC7C1BB9-A489-4A52-80FE-895D1B7E8026}.Release|Any CPU.ActiveCfg = Release|Any CPU
		{FC7C1BB9-A489-4A52-80FE-895D1B7E8026}.Release|Any CPU.Build.0 = Release|Any CPU
		{B4A9CF42-79D3-421A-A00B-034A601D4C3A}.Debug|Any CPU.ActiveCfg = Debug|Any CPU
		{B4A9CF42-79D3-421A-A00B-034A601D4C3A}.Debug|Any CPU.Build.0 = Debug|Any CPU
		{B4A9CF42-79D3-421A-A00B-034A601D4C3A}.Release|Any CPU.ActiveCfg = Release|Any CPU
		{B4A9CF42-79D3-421A-A00B-034A601D4C3A}.Release|Any CPU.Build.0 = Release|Any CPU
		{9388A7FB-514C-4F1B-982A-59977432C073}.Debug|Any CPU.ActiveCfg = Debug|Any CPU
		{9388A7FB-514C-4F1B-982A-59977432C073}.Debug|Any CPU.Build.0 = Debug|Any CPU
		{9388A7FB-514C-4F1B-982A-59977432C073}.Release|Any CPU.ActiveCfg = Release|Any CPU
		{9388A7FB-514C-4F1B-982A-59977432C073}.Release|Any CPU.Build.0 = Release|Any CPU
		{9FABCCDA-4EA5-403C-905A-A5B4327A6BAC}.Debug|Any CPU.ActiveCfg = Debug|Any CPU
		{9FABCCDA-4EA5-403C-905A-A5B4327A6BAC}.Debug|Any CPU.Build.0 = Debug|Any CPU
		{9FABCCDA-4EA5-403C-905A-A5B4327A6BAC}.Release|Any CPU.ActiveCfg = Release|Any CPU
		{9FABCCDA-4EA5-403C-905A-A5B4327A6BAC}.Release|Any CPU.Build.0 = Release|Any CPU
	EndGlobalSection
	GlobalSection(SolutionProperties) = preSolution
		HideSolutionNode = FALSE
	EndGlobalSection
	GlobalSection(ExtensibilityGlobals) = postSolution
		SolutionGuid = {70F12BE1-41E2-4303-8A2B-59D1AE855192}
	EndGlobalSection
EndGlobal
