
Microsoft Visual Studio Solution File, Format Version 12.00
# Visual Studio Version 16
VisualStudioVersion = 16.0.29519.181
MinimumVisualStudioVersion = 10.0.40219.1
Project("{FAE04EC0-301F-11D3-BF4B-00C04F79EFBC}") = "CircuitBreaker.Server", "CircuitBreaker.Server\CircuitBreaker.Server.csproj", "{546D1820-AD6B-40F3-85BA-DBBD7062C3A4}"
EndProject
Project("{FAE04EC0-301F-11D3-BF4B-00C04F79EFBC}") = "CircuitBreaker.Model", "CircuitBreaker.Model\CircuitBreaker.Model.csproj", "{C51029DA-BCF3-4984-96A9-3809B4BFA3A6}"
EndProject
Project("{FAE04EC0-301F-11D3-BF4B-00C04F79EFBC}") = "CircuitBreaker.Client", "CircuitBreaker.Client\CircuitBreaker.Client.csproj", "{6FCA4C4B-C62E-4E20-935E-ACDAED216D89}"
EndProject
Global
	GlobalSection(SolutionConfigurationPlatforms) = preSolution
		Debug|Any CPU = Debug|Any CPU
		Release|Any CPU = Release|Any CPU
	EndGlobalSection
	GlobalSection(ProjectConfigurationPlatforms) = postSolution
		{546D1820-AD6B-40F3-85BA-DBBD7062C3A4}.Debug|Any CPU.ActiveCfg = Debug|Any CPU
		{546D1820-AD6B-40F3-85BA-DBBD7062C3A4}.Debug|Any CPU.Build.0 = Debug|Any CPU
		{546D1820-AD6B-40F3-85BA-DBBD7062C3A4}.Release|Any CPU.ActiveCfg = Release|Any CPU
		{546D1820-AD6B-40F3-85BA-DBBD7062C3A4}.Release|Any CPU.Build.0 = Release|Any CPU
		{C51029DA-BCF3-4984-96A9-3809B4BFA3A6}.Debug|Any CPU.ActiveCfg = Debug|Any CPU
		{C51029DA-BCF3-4984-96A9-3809B4BFA3A6}.Debug|Any CPU.Build.0 = Debug|Any CPU
		{C51029DA-BCF3-4984-96A9-3809B4BFA3A6}.Release|Any CPU.ActiveCfg = Release|Any CPU
		{C51029DA-BCF3-4984-96A9-3809B4BFA3A6}.Release|Any CPU.Build.0 = Release|Any CPU
		{6FCA4C4B-C62E-4E20-935E-ACDAED216D89}.Debug|Any CPU.ActiveCfg = Debug|Any CPU
		{6FCA4C4B-C62E-4E20-935E-ACDAED216D89}.Debug|Any CPU.Build.0 = Debug|Any CPU
		{6FCA4C4B-C62E-4E20-935E-ACDAED216D89}.Release|Any CPU.ActiveCfg = Release|Any CPU
		{6FCA4C4B-C62E-4E20-935E-ACDAED216D89}.Release|Any CPU.Build.0 = Release|Any CPU
	EndGlobalSection
	GlobalSection(SolutionProperties) = preSolution
		HideSolutionNode = FALSE
	EndGlobalSection
	GlobalSection(ExtensibilityGlobals) = postSolution
		SolutionGuid = {A93B5205-6559-4054-B971-0585CF15C3FA}
	EndGlobalSection
EndGlobal
